
Microsoft Visual Studio Solution File, Format Version 12.00
# Visual Studio Version 17
VisualStudioVersion = 17.14.36327.8 d17.14
MinimumVisualStudioVersion = 10.0.40219.1
Project("{FAE04EC0-301F-11D3-BF4B-00C04F79EFBC}") = "InventarioApi", "InventarioApi.csproj", "{B8BB0FAC-00A1-40DE-A0B5-332602C289C5}"
EndProject
Global
	GlobalSection(SolutionConfigurationPlatforms) = preSolution
		Debug|Any CPU = Debug|Any CPU
		Release|Any CPU = Release|Any CPU
	EndGlobalSection
	GlobalSection(ProjectConfigurationPlatforms) = postSolution
		{B8BB0FAC-00A1-40DE-A0B5-332602C289C5}.Debug|Any CPU.ActiveCfg = Debug|Any CPU
		{B8BB0FAC-00A1-40DE-A0B5-332602C289C5}.Debug|Any CPU.Build.0 = Debug|Any CPU
		{B8BB0FAC-00A1-40DE-A0B5-332602C289C5}.Release|Any CPU.ActiveCfg = Release|Any CPU
		{B8BB0FAC-00A1-40DE-A0B5-332602C289C5}.Release|Any CPU.Build.0 = Release|Any CPU
	EndGlobalSection
	GlobalSection(SolutionProperties) = preSolution
		HideSolutionNode = FALSE
	EndGlobalSection
	GlobalSection(ExtensibilityGlobals) = postSolution
		SolutionGuid = {753C1138-5D79-49C4-8F1C-8990882A2EA0}
	EndGlobalSection
EndGlobal
